{
  "name": "cli-v2",
  "version": "1.0.0",
  "lockfileVersion": 1,
  "requires": true,
  "dependencies": {
    "@haifeng-fe/tslint-config": {
      "version": "1.0.0",
      "resolved": "https://registry.npmjs.org/@haifeng-fe/tslint-config/-/tslint-config-1.0.0.tgz",
      "integrity": "sha512-j36k3+dP5vc7jGkdZhJ75gnv4w9/q1EW00obf5tOOzPir1zNyinFo1r9RCQMT8NFvZT+rdzpBVsvIF2lqFj2tg==",
      "dev": true
    },
    "@types/node": {
      "version": "11.11.0",
      "resolved": "https://registry.npmjs.org/@types/node/-/node-11.11.0.tgz",
      "integrity": "sha512-D5Rt+HXgEywr3RQJcGlZUCTCx1qVbCZpVk3/tOOA6spLNZdGm8BU+zRgdRYDoF1pO3RuXLxADzMrF903JlQXqg==",
      "dev": true
    },
    "arg": {
      "version": "4.1.0",
      "resolved": "https://registry.npmjs.org/arg/-/arg-4.1.0.tgz",
      "integrity": "sha512-ZWc51jO3qegGkVh8Hwpv636EkbesNV5ZNQPCtRa+0qytRYPEs9IYT9qITY9buezqUH5uqyzlWLcufrzU2rffdg=="
    },
    "typescript": {
      "version": "3.3.3333",
      "resolved": "https://registry.npmjs.org/typescript/-/typescript-3.3.3333.tgz",
      "integrity": "sha512-JjSKsAfuHBE/fB2oZ8NxtRTk5iGcg6hkYXMnZ3Wc+b2RSqejEqTaem11mHASMnFilHrax3sLK0GDzcJrekZYLw==",
      "dev": true
    }
  }
}
